gitlab.com/gabmus/hugo-ficurinia v0.0.0-20241110144236-147a81d46b21 h1:maSZ39mQDZcDbNejtPGe2oeL7D/CRqCOjgIp2HC36eg=
gitlab.com/gabmus/hugo-ficurinia v0.0.0-20241110144236-147a81d46b21/go.mod h1:nmsV9/x7nn3bvahS0FgLujjD8VV0PDaAHJxrgq+dACM=
gitlab.com/gabmus/hugo-ficurinia v0.0.0-20250110092540-8ef7af78c9af h1:8Fza/wKKoBtedXncTCIC+JX7Pkgea4vuy8ovXavt6OU=
gitlab.com/gabmus/hugo-ficurinia v0.0.0-20250110092540-8ef7af78c9af/go.mod h1:nmsV9/x7nn3bvahS0FgLujjD8VV0PDaAHJxrgq+dACM=
